
Microsoft Visual Studio Solution File, Format Version 12.00
# Visual Studio 15
VisualStudioVersion = 15.0.28307.489
MinimumVisualStudioVersion = 10.0.40219.1
Project("{E24C65DC-7377-472B-9ABA-BC803B73C61A}") = "WebSite11", "WebSite11\", "{B556C4F9-B054-4D60-9D8D-C6660E89B974}"
	ProjectSection(WebsiteProperties) = preProject
		TargetFrameworkMoniker = ".NETFramework,Version%3Dv4.6.1"
		Debug.AspNetCompiler.VirtualPath = "/localhost_62929"
		Debug.AspNetCompiler.PhysicalPath = "WebSite11\"
		Debug.AspNetCompiler.TargetPath = "PrecompiledWeb\localhost_62929\"
		Debug.AspNetCompiler.Updateable = "true"
		Debug.AspNetCompiler.ForceOverwrite = "true"
		Debug.AspNetCompiler.FixedNames = "false"
		Debug.AspNetCompiler.Debug = "True"
		Release.AspNetCompiler.VirtualPath = "/localhost_62929"
		Release.AspNetCompiler.PhysicalPath = "WebSite11\"
		Release.AspNetCompiler.TargetPath = "PrecompiledWeb\localhost_62929\"
		Release.AspNetCompiler.Updateable = "true"
		Release.AspNetCompiler.ForceOverwrite = "true"
		Release.AspNetCompiler.FixedNames = "false"
		Release.AspNetCompiler.Debug = "False"
		VWDPort = "62929"
		SlnRelativePath = "WebSite11\"
		DefaultWebSiteLanguage = "Visual C#"
	EndProjectSection
EndProject
Global
	GlobalSection(SolutionConfigurationPlatforms) = preSolution
		Debug|Any CPU = Debug|Any CPU
	EndGlobalSection
	GlobalSection(ProjectConfigurationPlatforms) = postSolution
		{B556C4F9-B054-4D60-9D8D-C6660E89B974}.Debug|Any CPU.ActiveCfg = Debug|Any CPU
		{B556C4F9-B054-4D60-9D8D-C6660E89B974}.Debug|Any CPU.Build.0 = Debug|Any CPU
	EndGlobalSection
	GlobalSection(SolutionProperties) = preSolution
		HideSolutionNode = FALSE
	EndGlobalSection
	GlobalSection(ExtensibilityGlobals) = postSolution
		SolutionGuid = {9A019281-C537-457F-AC05-FE9B9313DD2D}
	EndGlobalSection
EndGlobal
